
Microsoft Visual Studio Solution File, Format Version 12.00
# Visual Studio 14
VisualStudioVersion = 14.0.23107.0
MinimumVisualStudioVersion = 10.0.40219.1
Project("{2150E333-8FDC-42A3-9474-1A3956D46DE8}") = "Solution Items", "Solution Items", "{140A15DE-0F66-4377-BB52-BC24C7FC46E9}"
	ProjectSection(SolutionItems) = preProject
		.editorconfig = .editorconfig
		.gitignore = .gitignore
		appveyor.yml = appveyor.yml
		CHANGELOG.md = CHANGELOG.md
		EditorExtensions\CodeAnalysis.ruleset = EditorExtensions\CodeAnalysis.ruleset
		README.md = README.md
		WebEssentialsTests.UnitTests.testsettings = WebEssentialsTests.UnitTests.testsettings
	EndProjectSection
EndProject
Project("{FAE04EC0-301F-11D3-BF4B-00C04F79EFBC}") = "WebEssentials2015", "EditorExtensions\WebEssentials2015.csproj", "{10D05BC1-CDEE-4D14-B88F-F91C0BDC7861}"
EndProject
Global
	GlobalSection(SolutionConfigurationPlatforms) = preSolution
		Debug|Any CPU = Debug|Any CPU
		Release|Any CPU = Release|Any CPU
	EndGlobalSection
	GlobalSection(ProjectConfigurationPlatforms) = postSolution
		{10D05BC1-CDEE-4D14-B88F-F91C0BDC7861}.Debug|Any CPU.ActiveCfg = Debug|Any CPU
		{10D05BC1-CDEE-4D14-B88F-F91C0BDC7861}.Debug|Any CPU.Build.0 = Debug|Any CPU
		{10D05BC1-CDEE-4D14-B88F-F91C0BDC7861}.Release|Any CPU.ActiveCfg = Release|Any CPU
		{10D05BC1-CDEE-4D14-B88F-F91C0BDC7861}.Release|Any CPU.Build.0 = Release|Any CPU
	EndGlobalSection
	GlobalSection(SolutionProperties) = preSolution
		HideSolutionNode = FALSE
	EndGlobalSection
	GlobalSection(ExtensibilityGlobals) = postSolution
		EnterpriseLibraryConfigurationToolBinariesPath = packages\TransientFaultHandling.Core.5.1.1209.1\lib\NET4
	EndGlobalSection
EndGlobal
